
Microsoft Visual Studio Solution File, Format Version 12.00
# Visual Studio Version 17
VisualStudioVersion = 17.1.32228.430
MinimumVisualStudioVersion = 10.0.40219.1
Project("{FAE04EC0-301F-11D3-BF4B-00C04F79EFBC}") = "NetworkUtility", "..\NetworkUtility\NetworkUtility.csproj", "{4EFCD572-B4B9-4304-B011-843C428816AD}"
EndProject
Project("{FAE04EC0-301F-11D3-BF4B-00C04F79EFBC}") = "NetworkUtility.Test", "..\NetworkUtility.Test\NetworkUtility.Test.csproj", "{2B6E5C39-E67E-4289-A95B-433056F06FB6}"
EndProject
Global
	GlobalSection(SolutionConfigurationPlatforms) = preSolution
		Debug|Any CPU = Debug|Any CPU
		Release|Any CPU = Release|Any CPU
	EndGlobalSection
	GlobalSection(ProjectConfigurationPlatforms) = postSolution
		{4EFCD572-B4B9-4304-B011-843C428816AD}.Debug|Any CPU.ActiveCfg = Debug|Any CPU
		{4EFCD572-B4B9-4304-B011-843C428816AD}.Debug|Any CPU.Build.0 = Debug|Any CPU
		{4EFCD572-B4B9-4304-B011-843C428816AD}.Release|Any CPU.ActiveCfg = Release|Any CPU
		{4EFCD572-B4B9-4304-B011-843C428816AD}.Release|Any CPU.Build.0 = Release|Any CPU
		{2B6E5C39-E67E-4289-A95B-433056F06FB6}.Debug|Any CPU.ActiveCfg = Debug|Any CPU
		{2B6E5C39-E67E-4289-A95B-433056F06FB6}.Debug|Any CPU.Build.0 = Debug|Any CPU
		{2B6E5C39-E67E-4289-A95B-433056F06FB6}.Release|Any CPU.ActiveCfg = Release|Any CPU
		{2B6E5C39-E67E-4289-A95B-433056F06FB6}.Release|Any CPU.Build.0 = Release|Any CPU
	EndGlobalSection
	GlobalSection(SolutionProperties) = preSolution
		HideSolutionNode = FALSE
	EndGlobalSection
	GlobalSection(ExtensibilityGlobals) = postSolution
		SolutionGuid = {6948268B-1AEA-451E-93E2-C55B57974919}
	EndGlobalSection
EndGlobal
